
Microsoft Visual Studio Solution File, Format Version 12.00
# Visual Studio Version 16
VisualStudioVersion = 16.0.29728.190
MinimumVisualStudioVersion = 10.0.40219.1
Project("{FAE04EC0-301F-11D3-BF4B-00C04F79EFBC}") = "Crowdfund", "Crowdfund.csproj", "{2F7B1206-751A-4B4A-AD78-01AB7E21DC19}"
EndProject
Project("{FAE04EC0-301F-11D3-BF4B-00C04F79EFBC}") = "CrowdfundCore", "CrowdfundCore\CrowdfundCore.csproj", "{3140DDDF-78D6-4822-8AE3-3C1D234DEDDE}"
EndProject
Global
	GlobalSection(SolutionConfigurationPlatforms) = preSolution
		Debug|Any CPU = Debug|Any CPU
		Release|Any CPU = Release|Any CPU
	EndGlobalSection
	GlobalSection(ProjectConfigurationPlatforms) = postSolution
		{2F7B1206-751A-4B4A-AD78-01AB7E21DC19}.Debug|Any CPU.ActiveCfg = Debug|Any CPU
		{2F7B1206-751A-4B4A-AD78-01AB7E21DC19}.Debug|Any CPU.Build.0 = Debug|Any CPU
		{2F7B1206-751A-4B4A-AD78-01AB7E21DC19}.Release|Any CPU.ActiveCfg = Release|Any CPU
		{2F7B1206-751A-4B4A-AD78-01AB7E21DC19}.Release|Any CPU.Build.0 = Release|Any CPU
		{3140DDDF-78D6-4822-8AE3-3C1D234DEDDE}.Debug|Any CPU.ActiveCfg = Debug|Any CPU
		{3140DDDF-78D6-4822-8AE3-3C1D234DEDDE}.Debug|Any CPU.Build.0 = Debug|Any CPU
		{3140DDDF-78D6-4822-8AE3-3C1D234DEDDE}.Release|Any CPU.ActiveCfg = Release|Any CPU
		{3140DDDF-78D6-4822-8AE3-3C1D234DEDDE}.Release|Any CPU.Build.0 = Release|Any CPU
	EndGlobalSection
	GlobalSection(SolutionProperties) = preSolution
		HideSolutionNode = FALSE
	EndGlobalSection
	GlobalSection(ExtensibilityGlobals) = postSolution
		SolutionGuid = {1040CBFA-0369-4491-8874-71C59D7B329E}
	EndGlobalSection
EndGlobal
